
Microsoft Visual Studio Solution File, Format Version 12.00
# Visual Studio Version 16
VisualStudioVersion = 16.0.29709.97
MinimumVisualStudioVersion = 10.0.40219.1
Project("{9A19103F-16F7-4668-BE54-9A1E7A4F7556}") = "WDTAssignment03", "WDTAssignment03\WDTAssignment03.csproj", "{D53E6939-A18E-422C-ACD6-E08AB5F4A8E6}"
EndProject
Project("{9A19103F-16F7-4668-BE54-9A1E7A4F7556}") = "Admin", "Admin\Admin.csproj", "{D03C10FC-0FDC-40EF-9D3E-EFD31F3D1D7D}"
EndProject
Global
	GlobalSection(SolutionConfigurationPlatforms) = preSolution
		Debug|Any CPU = Debug|Any CPU
		Release|Any CPU = Release|Any CPU
	EndGlobalSection
	GlobalSection(ProjectConfigurationPlatforms) = postSolution
		{D53E6939-A18E-422C-ACD6-E08AB5F4A8E6}.Debug|Any CPU.ActiveCfg = Debug|Any CPU
		{D53E6939-A18E-422C-ACD6-E08AB5F4A8E6}.Debug|Any CPU.Build.0 = Debug|Any CPU
		{D53E6939-A18E-422C-ACD6-E08AB5F4A8E6}.Release|Any CPU.ActiveCfg = Release|Any CPU
		{D53E6939-A18E-422C-ACD6-E08AB5F4A8E6}.Release|Any CPU.Build.0 = Release|Any CPU
		{D03C10FC-0FDC-40EF-9D3E-EFD31F3D1D7D}.Debug|Any CPU.ActiveCfg = Debug|Any CPU
		{D03C10FC-0FDC-40EF-9D3E-EFD31F3D1D7D}.Debug|Any CPU.Build.0 = Debug|Any CPU
		{D03C10FC-0FDC-40EF-9D3E-EFD31F3D1D7D}.Release|Any CPU.ActiveCfg = Release|Any CPU
		{D03C10FC-0FDC-40EF-9D3E-EFD31F3D1D7D}.Release|Any CPU.Build.0 = Release|Any CPU
	EndGlobalSection
	GlobalSection(SolutionProperties) = preSolution
		HideSolutionNode = FALSE
	EndGlobalSection
	GlobalSection(ExtensibilityGlobals) = postSolution
		SolutionGuid = {026C231B-9595-40F8-BE1B-2E1F32D37FAD}
	EndGlobalSection
EndGlobal
